<?xml version="1.0" encoding="utf-8"?>
<Project ToolsVersion="4.0" xmlns="http://schemas.microsoft.com/developer/msbuild/2003">
  <ItemGroup>
    <Filter Include="Source Files">
      <UniqueIdentifier>{4FC737F1-C7A5-4376-A066-2A32D752A2FF}</UniqueIdentifier>
      <Extensions>cpp;c;cc;cxx;c++;cppm;ixx;def;odl;idl;hpj;bat;asm;asmx</Extensions>
    </Filter>
    <Filter Include="Header Files">
      <UniqueIdentifier>{93995380-89BD-4b04-88EB-625FBE52EBFB}</UniqueIdentifier>
      <Extensions>h;hh;hpp;hxx;h++;hm;inl;inc;ipp;xsd</Extensions>
    </Filter>
    <Filter Include="Resource Files">
      <UniqueIdentifier>{67DA6AB6-F800-4c08-8B7A-83BB121AAD01}</UniqueIdentifier>
      <Extensions>rc;ico;cur;bmp;dlg;rc2;rct;bin;rgs;gif;jpg;jpeg;jpe;resx;tiff;tif;png;wav;mfcribbon-ms</Extensions>
    </Filter>
  </ItemGroup>
  <ItemGroup>
    <ClCompile Include="..\src\dhbwstudenttree.c">
      <Filter>Source Files</Filter>
    </ClCompile>
    <ClCompile Include="..\src\dhbwtest.c">
      <Filter>Source Files</Filter>
    </ClCompile>
    <ClCompile Include="..\src\graphs.c">
      <Filter>Source Files</Filter>
    </ClCompile>
    <ClCompile Include="..\src\dhbwadjlist.c">
      <Filter>Source Files</Filter>
    </ClCompile>
    <ClCompile Include="..\src\dhbwgraphsolve.c">
      <Filter>Source Files</Filter>
    </ClCompile>
    <ClCompile Include="..\src\dhbwmaze.c">
      <Filter>Source Files</Filter>
    </ClCompile>
    <ClCompile Include="..\src\dhbwmazesolve.c">
      <Filter>Source Files</Filter>
    </ClCompile>
    <ClCompile Include="..\src\dhbwsortheap.c">
      <Filter>Source Files</Filter>
    </ClCompile>
    <ClCompile Include="..\src\dhbwsortmisc.c">
      <Filter>Source Files</Filter>
    </ClCompile>
    <ClCompile Include="..\src\dhbwsortsimple.c">
      <Filter>Source Files</Filter>
    </ClCompile>
    <ClCompile Include="..\src\dhbwstudent.c">
      <Filter>Source Files</Filter>
    </ClCompile>
    <ClCompile Include="..\src\dhbwstudentlist.c">
      <Filter>Source Files</Filter>
    </ClCompile>
    <ClCompile Include="..\src\dhbwstudentmap.c">
      <Filter>Source Files</Filter>
    </ClCompile>
  </ItemGroup>
  <ItemGroup>
    <ClInclude Include="..\src\dhbwadjlist.h">
      <Filter>Header Files</Filter>
    </ClInclude>
    <ClInclude Include="..\src\dhbwgraphsolve.h">
      <Filter>Header Files</Filter>
    </ClInclude>
    <ClInclude Include="..\src\dhbwmaze.h">
      <Filter>Header Files</Filter>
    </ClInclude>
    <ClInclude Include="..\src\dhbwmazesolve.h">
      <Filter>Header Files</Filter>
    </ClInclude>
    <ClInclude Include="..\src\dhbwsortheap.h">
      <Filter>Header Files</Filter>
    </ClInclude>
    <ClInclude Include="..\src\dhbwsortmerge.h">
      <Filter>Header Files</Filter>
    </ClInclude>
    <ClInclude Include="..\src\dhbwsortmisc.h">
      <Filter>Header Files</Filter>
    </ClInclude>
    <ClInclude Include="..\src\dhbwsortsimple.h">
      <Filter>Header Files</Filter>
    </ClInclude>
    <ClInclude Include="..\src\dhbwstudent.h">
      <Filter>Header Files</Filter>
    </ClInclude>
    <ClInclude Include="..\src\dhbwstudentlist.h">
      <Filter>Header Files</Filter>
    </ClInclude>
    <ClInclude Include="..\src\dhbwstudentmap.h">
      <Filter>Header Files</Filter>
    </ClInclude>
    <ClInclude Include="..\src\dhbwstudenttree.h">
      <Filter>Header Files</Filter>
    </ClInclude>
    <ClInclude Include="..\src\dhbwtest.h">
      <Filter>Header Files</Filter>
    </ClInclude>
  </ItemGroup>
</Project>